
Microsoft Visual Studio Solution File, Format Version 12.00
# Visual Studio 2012
Project("{8BC9CEB8-8B4A-11D0-8D11-00A0C91BC942}") = "ch1-window", "ch1-window\ch1-window.vcxproj", "{90480278-E200-4ED3-989B-9E09C7AFEAC4}"
EndProject
Project("{8BC9CEB8-8B4A-11D0-8D11-00A0C91BC942}") = "ch2-point", "ch2-point\ch2-point.vcxproj", "{6B89AF2F-B5D8-41F9-B98A-E3DDA2B04C5D}"
EndProject
Project("{8BC9CEB8-8B4A-11D0-8D11-00A0C91BC942}") = "ch3-triangle", "ch3-triangle\ch3-triangle.vcxproj", "{F8A4AF36-081E-473B-AA17-69A7360B8FA6}"
EndProject
Project("{8BC9CEB8-8B4A-11D0-8D11-00A0C91BC942}") = "ch4-shader", "ch4-shader\ch4-shader.vcxproj", "{8DB746EE-012A-4739-B518-0FF71716FD14}"
EndProject
Project("{8BC9CEB8-8B4A-11D0-8D11-00A0C91BC942}") = "ch5-uniform", "ch5-uniform\ch5-uniform.vcxproj", "{9994E08B-27D7-4F81-AF9A-BEF842696FD3}"
EndProject
Project("{8BC9CEB8-8B4A-11D0-8D11-00A0C91BC942}") = "ch6-translation", "ch6-translation\ch6-translation.vcxproj", "{EB04052B-0E35-44E9-B208-15FA3CC1A6CA}"
EndProject
Project("{8BC9CEB8-8B4A-11D0-8D11-00A0C91BC942}") = "ch7-rotate", "ch7-rotate\ch7-rotate.vcxproj", "{FE61BD75-13F9-4377-B56B-49265F7F38F8}"
EndProject
Project("{8BC9CEB8-8B4A-11D0-8D11-00A0C91BC942}") = "ch8-scale", "ch8-scale\ch8-scale.vcxproj", "{1B44BBD8-59CB-415D-828A-9396C9B807FF}"
EndProject
Project("{8BC9CEB8-8B4A-11D0-8D11-00A0C91BC942}") = "ch9-interpolation", "ch9-interpolation\ch9-interpolation.vcxproj", "{B5ADD7D6-7D49-4B36-8F7E-D70EADD0167B}"
EndProject
Project("{8BC9CEB8-8B4A-11D0-8D11-00A0C91BC942}") = "ch10-indexDraw", "ch10-indexDraw\ch10-indexDraw.vcxproj", "{53427AC3-FA56-47DF-9162-BF11196A450D}"
EndProject
Project("{8BC9CEB8-8B4A-11D0-8D11-00A0C91BC942}") = "ch11-transformation", "ch11-transformation\ch11-transformation.vcxproj", "{9B8B5E16-FA43-4571-88EC-BF66AE5801B2}"
EndProject
Project("{8BC9CEB8-8B4A-11D0-8D11-00A0C91BC942}") = "ch12-perspective", "ch12-perspective\ch12-perspective.vcxproj", "{2B54240F-C52D-40BB-9FDF-0EDC21070C4F}"
EndProject
Project("{8BC9CEB8-8B4A-11D0-8D11-00A0C91BC942}") = "ch13-camera", "ch13-camera\ch13-camera.vcxproj", "{BAD6E20B-EDD1-4050-8F1C-9DF631FBE9AC}"
EndProject
Project("{8BC9CEB8-8B4A-11D0-8D11-00A0C91BC942}") = "ch14-cameraKey", "ch14-cameraKey\ch14-cameraKey.vcxproj", "{EF3A8F3A-F538-4C8A-95C4-441038C6404C}"
EndProject
Project("{8BC9CEB8-8B4A-11D0-8D11-00A0C91BC942}") = "ch15-cameraMouse", "ch15-cameraMouse\ch15-cameraMouse.vcxproj", "{211B1CAE-0BA2-4BC2-8450-D68E9A4AAEBB}"
EndProject
Project("{8BC9CEB8-8B4A-11D0-8D11-00A0C91BC942}") = "ch16-texture", "ch16-texture\ch16-texture.vcxproj", "{67A57C05-ED49-4FD5-94A6-6404D75800B3}"
EndProject
Project("{8BC9CEB8-8B4A-11D0-8D11-00A0C91BC942}") = "ch17-ambient", "ch17-ambient\ch17-ambient.vcxproj", "{7BC55A09-EFBD-4102-A0EB-6BCD046C6EBC}"
EndProject
Project("{8BC9CEB8-8B4A-11D0-8D11-00A0C91BC942}") = "ch18-diffuse", "ch18-diffuse\ch18-diffuse.vcxproj", "{6258D3D8-604E-4DDC-80D4-96B29A6F3708}"
EndProject
Project("{8BC9CEB8-8B4A-11D0-8D11-00A0C91BC942}") = "ch19-specular", "ch19-specular\ch19-specular.vcxproj", "{E59F4123-2A2B-49BB-89AD-AD7037765342}"
EndProject
Project("{8BC9CEB8-8B4A-11D0-8D11-00A0C91BC942}") = "ch22-loadModel", "ch22-loadModel\ch22-loadModel.vcxproj", "{7C2E30E4-77AF-4B42-8107-8C4809B7937A}"
EndProject
Project("{8BC9CEB8-8B4A-11D0-8D11-00A0C91BC942}") = "ch20-pointLight", "ch20-pointLight\ch20-pointLight.vcxproj", "{3D8B621A-AD54-48D4-A15A-D4656824CB1D}"
EndProject
Project("{8BC9CEB8-8B4A-11D0-8D11-00A0C91BC942}") = "ch21-spotLight", "ch21-spotLight\ch21-spotLight.vcxproj", "{4DD8F6DF-D0FD-4947-A6C4-D32A4FC50FB1}"
EndProject
Project("{8BC9CEB8-8B4A-11D0-8D11-00A0C91BC942}") = "ch23-shadowMap1", "ch23-shadowMap1\ch23-shadowMap1.vcxproj", "{D7AEF8E6-6D1C-44E5-BE11-DBF782D6B43C}"
EndProject
Project("{8BC9CEB8-8B4A-11D0-8D11-00A0C91BC942}") = "ch24-shadowMap2", "ch24-shadowMap2\ch24-shadowMap2.vcxproj", "{8171AE40-D2A1-4541-962E-B503CF0FF219}"
EndProject
Project("{8BC9CEB8-8B4A-11D0-8D11-00A0C91BC942}") = "ch25-skybox", "ch25-skybox\ch25-skybox.vcxproj", "{A2E5489A-6F3D-49DB-87A2-855C1F166700}"
EndProject
Project("{8BC9CEB8-8B4A-11D0-8D11-00A0C91BC942}") = "ch26-normalMap", "ch26-normalMap\ch26-normalMap.vcxproj", "{2AFEFD6E-331B-4006-BB3D-FDCA0D7963F0}"
EndProject
Project("{8BC9CEB8-8B4A-11D0-8D11-00A0C91BC942}") = "ch27-billBoard-gs", "ch27-billBoard-gs\ch27-billBoard-gs.vcxproj", "{D5043B70-A727-48A1-B573-6F2C163588CC}"
EndProject
Project("{8BC9CEB8-8B4A-11D0-8D11-00A0C91BC942}") = "ch28-particle-transformFeedback", "ch28-particle-transformFeedback\ch28-particle-transformFeedback.vcxproj", "{8995F06D-E645-4E1A-9427-A808FB540996}"
EndProject
Project("{8BC9CEB8-8B4A-11D0-8D11-00A0C91BC942}") = "ch29-picking", "ch29-picking\ch29-picking.vcxproj", "{0A75EA7A-4925-4484-B1EC-ED5D39BD7A67}"
EndProject
Project("{8BC9CEB8-8B4A-11D0-8D11-00A0C91BC942}") = "ch30-tessellation", "ch30-tessellation\ch30-tessellation.vcxproj", "{257FE805-75ED-47E6-A9DA-71949ACE7EC8}"
EndProject
Project("{8BC9CEB8-8B4A-11D0-8D11-00A0C91BC942}") = "ch31-PN-Triangles-Tessellation", "ch31-PN-Triangles-Tessellation\ch31-PN-Triangles-Tessellation.vcxproj", "{9314A74A-12AB-4BB1-866F-903E20097242}"
EndProject
Project("{8BC9CEB8-8B4A-11D0-8D11-00A0C91BC942}") = "ch32-vertexArrayObjects", "ch32-vertexArrayObjects\ch32-vertexArrayObjects.vcxproj", "{35972F95-D5BB-4666-BFD6-3365B1483934}"
EndProject
Project("{8BC9CEB8-8B4A-11D0-8D11-00A0C91BC942}") = "ch33-Instanced-Rendering", "ch33-Instanced-Rendering\ch33-Instanced-Rendering.vcxproj", "{01C1E95D-DEA9-4692-B946-4CEC4426794A}"
EndProject
Project("{8BC9CEB8-8B4A-11D0-8D11-00A0C91BC942}") = "ch34-glfx", "ch34-glfx\ch34-glfx.vcxproj", "{2F0A60D0-6F53-4688-97C5-F9735326109D}"
EndProject
Project("{8BC9CEB8-8B4A-11D0-8D11-00A0C91BC942}") = "ch35-Deferred-Shading1", "ch35-Deferred-Shading1\ch35-Deferred-Shading1.vcxproj", "{E50CABC3-A250-47B3-8A35-545DCC482735}"
EndProject
Project("{8BC9CEB8-8B4A-11D0-8D11-00A0C91BC942}") = "ch36-Deferred-Shading2", "ch36-Deferred-Shading2\ch36-Deferred-Shading2.vcxproj", "{F5884608-563F-4D68-8B6C-2CA5CE8BF7DF}"
EndProject
Project("{8BC9CEB8-8B4A-11D0-8D11-00A0C91BC942}") = "ch37-Deferred-Shading3", "ch37-Deferred-Shading3\ch37-Deferred-Shading3.vcxproj", "{D85E1346-7EDC-46A7-AC6F-84566A019AC7}"
EndProject
Project("{8BC9CEB8-8B4A-11D0-8D11-00A0C91BC942}") = "ch38-Skeletal-Animation", "ch38-Skeletal-Animation\ch38-Skeletal-Animation.vcxproj", "{F72A918A-8505-46A6-A7BE-85719A6649F9}"
EndProject
Project("{8BC9CEB8-8B4A-11D0-8D11-00A0C91BC942}") = "ch39-Silhouette-Detection", "ch39-Silhouette-Detection\ch39-Silhouette-Detection.vcxproj", "{1D16519A-7C34-4EEE-B658-854178503EB8}"
EndProject
Project("{8BC9CEB8-8B4A-11D0-8D11-00A0C91BC942}") = "ch40-Stencil-Shadow-Volume", "ch40-Stencil-Shadow-Volume\ch40-Stencil-Shadow-Volume.vcxproj", "{BD6EDDE8-166B-437C-BC73-EA822212418E}"
EndProject
Project("{8BC9CEB8-8B4A-11D0-8D11-00A0C91BC942}") = "ch41-Object-Motion-Blur", "ch41-Object-Motion-Blur\ch41-Object-Motion-Blur.vcxproj", "{B0351E32-97E6-4A72-A363-ABB27479A278}"
EndProject
Project("{8BC9CEB8-8B4A-11D0-8D11-00A0C91BC942}") = "ch42-Percentage-Closer-Filtering", "ch42-Percentage-Closer-Filtering\ch42-Percentage-Closer-Filtering.vcxproj", "{CC1096BF-26E5-4FC2-A7A5-07D968D17AB5}"
EndProject
Project("{8BC9CEB8-8B4A-11D0-8D11-00A0C91BC942}") = "ch43-Multipass-Shadow-Mapping", "ch43-Multipass-Shadow-Mapping\ch43-Multipass-Shadow-Mapping.vcxproj", "{9FEB0F75-6526-4D05-89FB-A14FA89F7176}"
EndProject
Project("{8BC9CEB8-8B4A-11D0-8D11-00A0C91BC942}") = "ch44-glfw", "ch44-glfw\ch44-glfw.vcxproj", "{8DB4436C-A621-45C9-9182-190A2C8E1497}"
EndProject
Global
	GlobalSection(SolutionConfigurationPlatforms) = preSolution
		Debug|Win32 = Debug|Win32
		Release|Win32 = Release|Win32
	EndGlobalSection
	GlobalSection(ProjectConfigurationPlatforms) = postSolution
		{90480278-E200-4ED3-989B-9E09C7AFEAC4}.Debug|Win32.ActiveCfg = Debug|Win32
		{90480278-E200-4ED3-989B-9E09C7AFEAC4}.Debug|Win32.Build.0 = Debug|Win32
		{90480278-E200-4ED3-989B-9E09C7AFEAC4}.Release|Win32.ActiveCfg = Release|Win32
		{90480278-E200-4ED3-989B-9E09C7AFEAC4}.Release|Win32.Build.0 = Release|Win32
		{6B89AF2F-B5D8-41F9-B98A-E3DDA2B04C5D}.Debug|Win32.ActiveCfg = Debug|Win32
		{6B89AF2F-B5D8-41F9-B98A-E3DDA2B04C5D}.Debug|Win32.Build.0 = Debug|Win32
		{6B89AF2F-B5D8-41F9-B98A-E3DDA2B04C5D}.Release|Win32.ActiveCfg = Release|Win32
		{6B89AF2F-B5D8-41F9-B98A-E3DDA2B04C5D}.Release|Win32.Build.0 = Release|Win32
		{F8A4AF36-081E-473B-AA17-69A7360B8FA6}.Debug|Win32.ActiveCfg = Debug|Win32
		{F8A4AF36-081E-473B-AA17-69A7360B8FA6}.Debug|Win32.Build.0 = Debug|Win32
		{F8A4AF36-081E-473B-AA17-69A7360B8FA6}.Release|Win32.ActiveCfg = Release|Win32
		{F8A4AF36-081E-473B-AA17-69A7360B8FA6}.Release|Win32.Build.0 = Release|Win32
		{8DB746EE-012A-4739-B518-0FF71716FD14}.Debug|Win32.ActiveCfg = Debug|Win32
		{8DB746EE-012A-4739-B518-0FF71716FD14}.Debug|Win32.Build.0 = Debug|Win32
		{8DB746EE-012A-4739-B518-0FF71716FD14}.Release|Win32.ActiveCfg = Release|Win32
		{8DB746EE-012A-4739-B518-0FF71716FD14}.Release|Win32.Build.0 = Release|Win32
		{9994E08B-27D7-4F81-AF9A-BEF842696FD3}.Debug|Win32.ActiveCfg = Debug|Win32
		{9994E08B-27D7-4F81-AF9A-BEF842696FD3}.Debug|Win32.Build.0 = Debug|Win32
		{9994E08B-27D7-4F81-AF9A-BEF842696FD3}.Release|Win32.ActiveCfg = Release|Win32
		{9994E08B-27D7-4F81-AF9A-BEF842696FD3}.Release|Win32.Build.0 = Release|Win32
		{EB04052B-0E35-44E9-B208-15FA3CC1A6CA}.Debug|Win32.ActiveCfg = Debug|Win32
		{EB04052B-0E35-44E9-B208-15FA3CC1A6CA}.Debug|Win32.Build.0 = Debug|Win32
		{EB04052B-0E35-44E9-B208-15FA3CC1A6CA}.Release|Win32.ActiveCfg = Release|Win32
		{EB04052B-0E35-44E9-B208-15FA3CC1A6CA}.Release|Win32.Build.0 = Release|Win32
		{FE61BD75-13F9-4377-B56B-49265F7F38F8}.Debug|Win32.ActiveCfg = Debug|Win32
		{FE61BD75-13F9-4377-B56B-49265F7F38F8}.Debug|Win32.Build.0 = Debug|Win32
		{FE61BD75-13F9-4377-B56B-49265F7F38F8}.Release|Win32.ActiveCfg = Release|Win32
		{FE61BD75-13F9-4377-B56B-49265F7F38F8}.Release|Win32.Build.0 = Release|Win32
		{1B44BBD8-59CB-415D-828A-9396C9B807FF}.Debug|Win32.ActiveCfg = Debug|Win32
		{1B44BBD8-59CB-415D-828A-9396C9B807FF}.Debug|Win32.Build.0 = Debug|Win32
		{1B44BBD8-59CB-415D-828A-9396C9B807FF}.Release|Win32.ActiveCfg = Release|Win32
		{1B44BBD8-59CB-415D-828A-9396C9B807FF}.Release|Win32.Build.0 = Release|Win32
		{B5ADD7D6-7D49-4B36-8F7E-D70EADD0167B}.Debug|Win32.ActiveCfg = Debug|Win32
		{B5ADD7D6-7D49-4B36-8F7E-D70EADD0167B}.Debug|Win32.Build.0 = Debug|Win32
		{B5ADD7D6-7D49-4B36-8F7E-D70EADD0167B}.Release|Win32.ActiveCfg = Release|Win32
		{B5ADD7D6-7D49-4B36-8F7E-D70EADD0167B}.Release|Win32.Build.0 = Release|Win32
		{53427AC3-FA56-47DF-9162-BF11196A450D}.Debug|Win32.ActiveCfg = Debug|Win32
		{53427AC3-FA56-47DF-9162-BF11196A450D}.Debug|Win32.Build.0 = Debug|Win32
		{53427AC3-FA56-47DF-9162-BF11196A450D}.Release|Win32.ActiveCfg = Release|Win32
		{53427AC3-FA56-47DF-9162-BF11196A450D}.Release|Win32.Build.0 = Release|Win32
		{9B8B5E16-FA43-4571-88EC-BF66AE5801B2}.Debug|Win32.ActiveCfg = Debug|Win32
		{9B8B5E16-FA43-4571-88EC-BF66AE5801B2}.Debug|Win32.Build.0 = Debug|Win32
		{9B8B5E16-FA43-4571-88EC-BF66AE5801B2}.Release|Win32.ActiveCfg = Release|Win32
		{9B8B5E16-FA43-4571-88EC-BF66AE5801B2}.Release|Win32.Build.0 = Release|Win32
		{2B54240F-C52D-40BB-9FDF-0EDC21070C4F}.Debug|Win32.ActiveCfg = Debug|Win32
		{2B54240F-C52D-40BB-9FDF-0EDC21070C4F}.Debug|Win32.Build.0 = Debug|Win32
		{2B54240F-C52D-40BB-9FDF-0EDC21070C4F}.Release|Win32.ActiveCfg = Release|Win32
		{2B54240F-C52D-40BB-9FDF-0EDC21070C4F}.Release|Win32.Build.0 = Release|Win32
		{BAD6E20B-EDD1-4050-8F1C-9DF631FBE9AC}.Debug|Win32.ActiveCfg = Debug|Win32
		{BAD6E20B-EDD1-4050-8F1C-9DF631FBE9AC}.Debug|Win32.Build.0 = Debug|Win32
		{BAD6E20B-EDD1-4050-8F1C-9DF631FBE9AC}.Release|Win32.ActiveCfg = Release|Win32
		{BAD6E20B-EDD1-4050-8F1C-9DF631FBE9AC}.Release|Win32.Build.0 = Release|Win32
		{EF3A8F3A-F538-4C8A-95C4-441038C6404C}.Debug|Win32.ActiveCfg = Debug|Win32
		{EF3A8F3A-F538-4C8A-95C4-441038C6404C}.Debug|Win32.Build.0 = Debug|Win32
		{EF3A8F3A-F538-4C8A-95C4-441038C6404C}.Release|Win32.ActiveCfg = Release|Win32
		{EF3A8F3A-F538-4C8A-95C4-441038C6404C}.Release|Win32.Build.0 = Release|Win32
		{211B1CAE-0BA2-4BC2-8450-D68E9A4AAEBB}.Debug|Win32.ActiveCfg = Debug|Win32
		{211B1CAE-0BA2-4BC2-8450-D68E9A4AAEBB}.Debug|Win32.Build.0 = Debug|Win32
		{211B1CAE-0BA2-4BC2-8450-D68E9A4AAEBB}.Release|Win32.ActiveCfg = Release|Win32
		{211B1CAE-0BA2-4BC2-8450-D68E9A4AAEBB}.Release|Win32.Build.0 = Release|Win32
		{67A57C05-ED49-4FD5-94A6-6404D75800B3}.Debug|Win32.ActiveCfg = Debug|Win32
		{67A57C05-ED49-4FD5-94A6-6404D75800B3}.Debug|Win32.Build.0 = Debug|Win32
		{67A57C05-ED49-4FD5-94A6-6404D75800B3}.Release|Win32.ActiveCfg = Release|Win32
		{67A57C05-ED49-4FD5-94A6-6404D75800B3}.Release|Win32.Build.0 = Release|Win32
		{7BC55A09-EFBD-4102-A0EB-6BCD046C6EBC}.Debug|Win32.ActiveCfg = Debug|Win32
		{7BC55A09-EFBD-4102-A0EB-6BCD046C6EBC}.Debug|Win32.Build.0 = Debug|Win32
		{7BC55A09-EFBD-4102-A0EB-6BCD046C6EBC}.Release|Win32.ActiveCfg = Release|Win32
		{7BC55A09-EFBD-4102-A0EB-6BCD046C6EBC}.Release|Win32.Build.0 = Release|Win32
		{6258D3D8-604E-4DDC-80D4-96B29A6F3708}.Debug|Win32.ActiveCfg = Debug|Win32
		{6258D3D8-604E-4DDC-80D4-96B29A6F3708}.Debug|Win32.Build.0 = Debug|Win32
		{6258D3D8-604E-4DDC-80D4-96B29A6F3708}.Release|Win32.ActiveCfg = Release|Win32
		{6258D3D8-604E-4DDC-80D4-96B29A6F3708}.Release|Win32.Build.0 = Release|Win32
		{E59F4123-2A2B-49BB-89AD-AD7037765342}.Debug|Win32.ActiveCfg = Debug|Win32
		{E59F4123-2A2B-49BB-89AD-AD7037765342}.Debug|Win32.Build.0 = Debug|Win32
		{E59F4123-2A2B-49BB-89AD-AD7037765342}.Release|Win32.ActiveCfg = Release|Win32
		{E59F4123-2A2B-49BB-89AD-AD7037765342}.Release|Win32.Build.0 = Release|Win32
		{7C2E30E4-77AF-4B42-8107-8C4809B7937A}.Debug|Win32.ActiveCfg = Debug|Win32
		{7C2E30E4-77AF-4B42-8107-8C4809B7937A}.Debug|Win32.Build.0 = Debug|Win32
		{7C2E30E4-77AF-4B42-8107-8C4809B7937A}.Release|Win32.ActiveCfg = Release|Win32
		{7C2E30E4-77AF-4B42-8107-8C4809B7937A}.Release|Win32.Build.0 = Release|Win32
		{3D8B621A-AD54-48D4-A15A-D4656824CB1D}.Debug|Win32.ActiveCfg = Debug|Win32
		{3D8B621A-AD54-48D4-A15A-D4656824CB1D}.Debug|Win32.Build.0 = Debug|Win32
		{3D8B621A-AD54-48D4-A15A-D4656824CB1D}.Release|Win32.ActiveCfg = Release|Win32
		{3D8B621A-AD54-48D4-A15A-D4656824CB1D}.Release|Win32.Build.0 = Release|Win32
		{4DD8F6DF-D0FD-4947-A6C4-D32A4FC50FB1}.Debug|Win32.ActiveCfg = Debug|Win32
		{4DD8F6DF-D0FD-4947-A6C4-D32A4FC50FB1}.Debug|Win32.Build.0 = Debug|Win32
		{4DD8F6DF-D0FD-4947-A6C4-D32A4FC50FB1}.Release|Win32.ActiveCfg = Release|Win32
		{4DD8F6DF-D0FD-4947-A6C4-D32A4FC50FB1}.Release|Win32.Build.0 = Release|Win32
		{D7AEF8E6-6D1C-44E5-BE11-DBF782D6B43C}.Debug|Win32.ActiveCfg = Debug|Win32
		{D7AEF8E6-6D1C-44E5-BE11-DBF782D6B43C}.Debug|Win32.Build.0 = Debug|Win32
		{D7AEF8E6-6D1C-44E5-BE11-DBF782D6B43C}.Release|Win32.ActiveCfg = Release|Win32
		{D7AEF8E6-6D1C-44E5-BE11-DBF782D6B43C}.Release|Win32.Build.0 = Release|Win32
		{8171AE40-D2A1-4541-962E-B503CF0FF219}.Debug|Win32.ActiveCfg = Debug|Win32
		{8171AE40-D2A1-4541-962E-B503CF0FF219}.Debug|Win32.Build.0 = Debug|Win32
		{8171AE40-D2A1-4541-962E-B503CF0FF219}.Release|Win32.ActiveCfg = Release|Win32
		{8171AE40-D2A1-4541-962E-B503CF0FF219}.Release|Win32.Build.0 = Release|Win32
		{A2E5489A-6F3D-49DB-87A2-855C1F166700}.Debug|Win32.ActiveCfg = Debug|Win32
		{A2E5489A-6F3D-49DB-87A2-855C1F166700}.Debug|Win32.Build.0 = Debug|Win32
		{A2E5489A-6F3D-49DB-87A2-855C1F166700}.Release|Win32.ActiveCfg = Release|Win32
		{A2E5489A-6F3D-49DB-87A2-855C1F166700}.Release|Win32.Build.0 = Release|Win32
		{2AFEFD6E-331B-4006-BB3D-FDCA0D7963F0}.Debug|Win32.ActiveCfg = Debug|Win32
		{2AFEFD6E-331B-4006-BB3D-FDCA0D7963F0}.Debug|Win32.Build.0 = Debug|Win32
		{2AFEFD6E-331B-4006-BB3D-FDCA0D7963F0}.Release|Win32.ActiveCfg = Release|Win32
		{2AFEFD6E-331B-4006-BB3D-FDCA0D7963F0}.Release|Win32.Build.0 = Release|Win32
		{D5043B70-A727-48A1-B573-6F2C163588CC}.Debug|Win32.ActiveCfg = Debug|Win32
		{D5043B70-A727-48A1-B573-6F2C163588CC}.Debug|Win32.Build.0 = Debug|Win32
		{D5043B70-A727-48A1-B573-6F2C163588CC}.Release|Win32.ActiveCfg = Release|Win32
		{D5043B70-A727-48A1-B573-6F2C163588CC}.Release|Win32.Build.0 = Release|Win32
		{8995F06D-E645-4E1A-9427-A808FB540996}.Debug|Win32.ActiveCfg = Debug|Win32
		{8995F06D-E645-4E1A-9427-A808FB540996}.Debug|Win32.Build.0 = Debug|Win32
		{8995F06D-E645-4E1A-9427-A808FB540996}.Release|Win32.ActiveCfg = Release|Win32
		{8995F06D-E645-4E1A-9427-A808FB540996}.Release|Win32.Build.0 = Release|Win32
		{0A75EA7A-4925-4484-B1EC-ED5D39BD7A67}.Debug|Win32.ActiveCfg = Debug|Win32
		{0A75EA7A-4925-4484-B1EC-ED5D39BD7A67}.Debug|Win32.Build.0 = Debug|Win32
		{0A75EA7A-4925-4484-B1EC-ED5D39BD7A67}.Release|Win32.ActiveCfg = Release|Win32
		{0A75EA7A-4925-4484-B1EC-ED5D39BD7A67}.Release|Win32.Build.0 = Release|Win32
		{257FE805-75ED-47E6-A9DA-71949ACE7EC8}.Debug|Win32.ActiveCfg = Debug|Win32
		{257FE805-75ED-47E6-A9DA-71949ACE7EC8}.Debug|Win32.Build.0 = Debug|Win32
		{257FE805-75ED-47E6-A9DA-71949ACE7EC8}.Release|Win32.ActiveCfg = Release|Win32
		{257FE805-75ED-47E6-A9DA-71949ACE7EC8}.Release|Win32.Build.0 = Release|Win32
		{9314A74A-12AB-4BB1-866F-903E20097242}.Debug|Win32.ActiveCfg = Debug|Win32
		{9314A74A-12AB-4BB1-866F-903E20097242}.Debug|Win32.Build.0 = Debug|Win32
		{9314A74A-12AB-4BB1-866F-903E20097242}.Release|Win32.ActiveCfg = Release|Win32
		{9314A74A-12AB-4BB1-866F-903E20097242}.Release|Win32.Build.0 = Release|Win32
		{35972F95-D5BB-4666-BFD6-3365B1483934}.Debug|Win32.ActiveCfg = Debug|Win32
		{35972F95-D5BB-4666-BFD6-3365B1483934}.Debug|Win32.Build.0 = Debug|Win32
		{35972F95-D5BB-4666-BFD6-3365B1483934}.Release|Win32.ActiveCfg = Release|Win32
		{35972F95-D5BB-4666-BFD6-3365B1483934}.Release|Win32.Build.0 = Release|Win32
		{01C1E95D-DEA9-4692-B946-4CEC4426794A}.Debug|Win32.ActiveCfg = Debug|Win32
		{01C1E95D-DEA9-4692-B946-4CEC4426794A}.Debug|Win32.Build.0 = Debug|Win32
		{01C1E95D-DEA9-4692-B946-4CEC4426794A}.Release|Win32.ActiveCfg = Release|Win32
		{01C1E95D-DEA9-4692-B946-4CEC4426794A}.Release|Win32.Build.0 = Release|Win32
		{2F0A60D0-6F53-4688-97C5-F9735326109D}.Debug|Win32.ActiveCfg = Debug|Win32
		{2F0A60D0-6F53-4688-97C5-F9735326109D}.Debug|Win32.Build.0 = Debug|Win32
		{2F0A60D0-6F53-4688-97C5-F9735326109D}.Release|Win32.ActiveCfg = Release|Win32
		{2F0A60D0-6F53-4688-97C5-F9735326109D}.Release|Win32.Build.0 = Release|Win32
		{E50CABC3-A250-47B3-8A35-545DCC482735}.Debug|Win32.ActiveCfg = Debug|Win32
		{E50CABC3-A250-47B3-8A35-545DCC482735}.Debug|Win32.Build.0 = Debug|Win32
		{E50CABC3-A250-47B3-8A35-545DCC482735}.Release|Win32.ActiveCfg = Release|Win32
		{E50CABC3-A250-47B3-8A35-545DCC482735}.Release|Win32.Build.0 = Release|Win32
		{F5884608-563F-4D68-8B6C-2CA5CE8BF7DF}.Debug|Win32.ActiveCfg = Debug|Win32
		{F5884608-563F-4D68-8B6C-2CA5CE8BF7DF}.Debug|Win32.Build.0 = Debug|Win32
		{F5884608-563F-4D68-8B6C-2CA5CE8BF7DF}.Release|Win32.ActiveCfg = Release|Win32
		{F5884608-563F-4D68-8B6C-2CA5CE8BF7DF}.Release|Win32.Build.0 = Release|Win32
		{D85E1346-7EDC-46A7-AC6F-84566A019AC7}.Debug|Win32.ActiveCfg = Debug|Win32
		{D85E1346-7EDC-46A7-AC6F-84566A019AC7}.Debug|Win32.Build.0 = Debug|Win32
		{D85E1346-7EDC-46A7-AC6F-84566A019AC7}.Release|Win32.ActiveCfg = Release|Win32
		{D85E1346-7EDC-46A7-AC6F-84566A019AC7}.Release|Win32.Build.0 = Release|Win32
		{F72A918A-8505-46A6-A7BE-85719A6649F9}.Debug|Win32.ActiveCfg = Debug|Win32
		{F72A918A-8505-46A6-A7BE-85719A6649F9}.Debug|Win32.Build.0 = Debug|Win32
		{F72A918A-8505-46A6-A7BE-85719A6649F9}.Release|Win32.ActiveCfg = Release|Win32
		{F72A918A-8505-46A6-A7BE-85719A6649F9}.Release|Win32.Build.0 = Release|Win32
		{1D16519A-7C34-4EEE-B658-854178503EB8}.Debug|Win32.ActiveCfg = Debug|Win32
		{1D16519A-7C34-4EEE-B658-854178503EB8}.Debug|Win32.Build.0 = Debug|Win32
		{1D16519A-7C34-4EEE-B658-854178503EB8}.Release|Win32.ActiveCfg = Release|Win32
		{1D16519A-7C34-4EEE-B658-854178503EB8}.Release|Win32.Build.0 = Release|Win32
		{BD6EDDE8-166B-437C-BC73-EA822212418E}.Debug|Win32.ActiveCfg = Debug|Win32
		{BD6EDDE8-166B-437C-BC73-EA822212418E}.Debug|Win32.Build.0 = Debug|Win32
		{BD6EDDE8-166B-437C-BC73-EA822212418E}.Release|Win32.ActiveCfg = Release|Win32
		{BD6EDDE8-166B-437C-BC73-EA822212418E}.Release|Win32.Build.0 = Release|Win32
		{B0351E32-97E6-4A72-A363-ABB27479A278}.Debug|Win32.ActiveCfg = Debug|Win32
		{B0351E32-97E6-4A72-A363-ABB27479A278}.Debug|Win32.Build.0 = Debug|Win32
		{B0351E32-97E6-4A72-A363-ABB27479A278}.Release|Win32.ActiveCfg = Release|Win32
		{B0351E32-97E6-4A72-A363-ABB27479A278}.Release|Win32.Build.0 = Release|Win32
		{CC1096BF-26E5-4FC2-A7A5-07D968D17AB5}.Debug|Win32.ActiveCfg = Debug|Win32
		{CC1096BF-26E5-4FC2-A7A5-07D968D17AB5}.Debug|Win32.Build.0 = Debug|Win32
		{CC1096BF-26E5-4FC2-A7A5-07D968D17AB5}.Release|Win32.ActiveCfg = Release|Win32
		{CC1096BF-26E5-4FC2-A7A5-07D968D17AB5}.Release|Win32.Build.0 = Release|Win32
		{9FEB0F75-6526-4D05-89FB-A14FA89F7176}.Debug|Win32.ActiveCfg = Debug|Win32
		{9FEB0F75-6526-4D05-89FB-A14FA89F7176}.Debug|Win32.Build.0 = Debug|Win32
		{9FEB0F75-6526-4D05-89FB-A14FA89F7176}.Release|Win32.ActiveCfg = Release|Win32
		{9FEB0F75-6526-4D05-89FB-A14FA89F7176}.Release|Win32.Build.0 = Release|Win32
		{8DB4436C-A621-45C9-9182-190A2C8E1497}.Debug|Win32.ActiveCfg = Debug|Win32
		{8DB4436C-A621-45C9-9182-190A2C8E1497}.Debug|Win32.Build.0 = Debug|Win32
		{8DB4436C-A621-45C9-9182-190A2C8E1497}.Release|Win32.ActiveCfg = Release|Win32
		{8DB4436C-A621-45C9-9182-190A2C8E1497}.Release|Win32.Build.0 = Release|Win32
	EndGlobalSection
	GlobalSection(SolutionProperties) = preSolution
		HideSolutionNode = FALSE
	EndGlobalSection
EndGlobal
